// !$*UTF8*$!
{
	archiveVersion = 1;
	classes = {
	};
	objectVersion = 50;
	objects = {

/* Begin PBXBuildFile section */
		04CA56C923BF61C6003582B2 /* AppDelegate.swift in Sources */ = {isa = PBXBuildFile; fileRef = 04CA56C823BF61C6003582B2 /* AppDelegate.swift */; };
		04CA56CB23BF61C6003582B2 /* TableViewController.swift in Sources */ = {isa = PBXBuildFile; fileRef = 04CA56CA23BF61C6003582B2 /* TableViewController.swift */; };
		04CA56CE23BF61C6003582B2 /* Main.storyboard in Resources */ = {isa = PBXBuildFile; fileRef = 04CA56CC23BF61C6003582B2 /* Main.storyboard */; };
		04CA56D023BF61C7003582B2 /* Assets.xcassets in Resources */ = {isa = PBXBuildFile; fileRef = 04CA56CF23BF61C7003582B2 /* Assets.xcassets */; };
		04CA56D323BF61C7003582B2 /* LaunchScreen.storyboard in Resources */ = {isa = PBXBuildFile; fileRef = 04CA56D123BF61C7003582B2 /* LaunchScreen.storyboard */; };
		04CA56DB23C3D878003582B2 /* Item.swift in Sources */ = {isa = PBXBuildFile; fileRef = 04CA56DA23C3D878003582B2 /* Item.swift */; };
/* End PBXBuildFile section */

/* Begin PBXFileReference section */
		04CA56C523BF61C6003582B2 /* ToDoL.app */ = {isa = PBXFileReference; explicitFileType = wrapper.application; includeInIndex = 0; path = ToDoL.app; sourceTree = BUILT_PRODUCTS_DIR; };
		04CA56C823BF61C6003582B2 /* AppDelegate.swift */ = {isa = PBXFileReference; lastKnownFileType = sourcecode.swift; path = AppDelegate.swift; sourceTree = "<group>"; };
		04CA56CA23BF61C6003582B2 /* TableViewController.swift */ = {isa = PBXFileReference; lastKnownFileType = sourcecode.swift; path = TableViewController.swift; sourceTree = "<group>"; };
		04CA56CD23BF61C6003582B2 /* Base */ = {isa = PBXFileReference; lastKnownFileType = file.storyboard; name = Base; path = Base.lproj/Main.storyboard; sourceTree = "<group>"; };
		04CA56CF23BF61C7003582B2 /* Assets.xcassets */ = {isa = PBXFileReference; lastKnownFileType = folder.assetcatalog; path = Assets.xcassets; sourceTree = "<group>"; };
		04CA56D223BF61C7003582B2 /* Base */ = {isa = PBXFileReference; lastKnownFileType = file.storyboard; name = Base; path = Base.lproj/LaunchScreen.storyboard; sourceTree = "<group>"; };
		04CA56D423BF61C7003582B2 /* Info.plist */ = {isa = PBXFileReference; lastKnownFileType = text.plist.xml; path = Info.plist; sourceTree = "<group>"; };
		04CA56DA23C3D878003582B2 /* Item.swift */ = {isa = PBXFileReference; lastKnownFileType = sourcecode.swift; path = Item.swift; sourceTree = "<group>"; };
/* End PBXFileReference section */

/* Begin PBXFrameworksBuildPhase section */
		04CA56C223BF61C6003582B2 /* Frameworks */ = {
			isa = PBXFrameworksBuildPhase;
			buildActionMask = 2147483647;
			files = (
			);
			runOnlyForDeploymentPostprocessing = 0;
		};
/* End PBXFrameworksBuildPhase section */

/* Begin PBXGroup section */
		04CA56BC23BF61C6003582B2 = {
			isa = PBXGroup;
			children = (
				04CA56C723BF61C6003582B2 /* ToDoL */,
				04CA56C623BF61C6003582B2 /* Products */,
			);
			sourceTree = "<group>";
		};
		04CA56C623BF61C6003582B2 /* Products */ = {
			isa = PBXGroup;
			children = (
				04CA56C523BF61C6003582B2 /* ToDoL.app */,
			);
			name = Products;
			sourceTree = "<group>";
		};
		04CA56C723BF61C6003582B2 /* ToDoL */ = {
			isa = PBXGroup;
			children = (
				04CA56C823BF61C6003582B2 /* AppDelegate.swift */,
				04CA56DC23C3D916003582B2 /* Data Model */,
				04CA56DE23C3D93C003582B2 /* Controllers */,
				04CA56DD23C3D92C003582B2 /* Views */,
				04CA56DF23C3D94D003582B2 /* Supporting files */,
				04CA56D423BF61C7003582B2 /* Info.plist */,
			);
			path = ToDoL;
			sourceTree = "<group>";
		};
		04CA56DC23C3D916003582B2 /* Data Model */ = {
			isa = PBXGroup;
			children = (
				04CA56DA23C3D878003582B2 /* Item.swift */,
			);
			path = "Data Model";
			sourceTree = "<group>";
		};
		04CA56DD23C3D92C003582B2 /* Views */ = {
			isa = PBXGroup;
			children = (
				04CA56CC23BF61C6003582B2 /* Main.storyboard */,
			);
			path = Views;
			sourceTree = "<group>";
		};
		04CA56DE23C3D93C003582B2 /* Controllers */ = {
			isa = PBXGroup;
			children = (
				04CA56CA23BF61C6003582B2 /* TableViewController.swift */,
			);
			path = Controllers;
			sourceTree = "<group>";
		};
		04CA56DF23C3D94D003582B2 /* Supporting files */ = {
			isa = PBXGroup;
			children = (
				04CA56CF23BF61C7003582B2 /* Assets.xcassets */,
				04CA56D123BF61C7003582B2 /* LaunchScreen.storyboard */,
			);
			path = "Supporting files";
			sourceTree = "<group>";
		};
/* End PBXGroup section */

/* Begin PBXNativeTarget section */
		04CA56C423BF61C6003582B2 /* ToDoL */ = {
			isa = PBXNativeTarget;
			buildConfigurationList = 04CA56D723BF61C7003582B2 /* Build configuration list for PBXNativeTarget "ToDoL" */;
			buildPhases = (
				04CA56C123BF61C6003582B2 /* Sources */,
				04CA56C223BF61C6003582B2 /* Frameworks */,
				04CA56C323BF61C6003582B2 /* Resources */,
			);
			buildRules = (
			);
			dependencies = (
			);
			name = ToDoL;
			productName = ToDoL;
			productReference = 04CA56C523BF61C6003582B2 /* ToDoL.app */;
			productType = "com.apple.product-type.application";
		};
/* End PBXNativeTarget section */

/* Begin PBXProject section */
		04CA56BD23BF61C6003582B2 /* Project object */ = {
			isa = PBXProject;
			attributes = {
				LastSwiftUpdateCheck = 1030;
				LastUpgradeCheck = 1030;
				ORGANIZATIONNAME = mac;
				TargetAttributes = {
					04CA56C423BF61C6003582B2 = {
						CreatedOnToolsVersion = 10.3;
					};
				};
			};
			buildConfigurationList = 04CA56C023BF61C6003582B2 /* Build configuration list for PBXProject "ToDoL" */;
			compatibilityVersion = "Xcode 9.3";
			developmentRegion = en;
			hasScannedForEncodings = 0;
			knownRegions = (
				en,
				Base,
			);
			mainGroup = 04CA56BC23BF61C6003582B2;
			productRefGroup = 04CA56C623BF61C6003582B2 /* Products */;
			projectDirPath = "";
			projectRoot = "";
			targets = (
				04CA56C423BF61C6003582B2 /* ToDoL */,
			);
		};
/* End PBXProject section */

/* Begin PBXResourcesBuildPhase section */
		04CA56C323BF61C6003582B2 /* Resources */ = {
			isa = PBXResourcesBuildPhase;
			buildActionMask = 2147483647;
			files = (
				04CA56D323BF61C7003582B2 /* LaunchScreen.storyboard in Resources */,
				04CA56D023BF61C7003582B2 /* Assets.xcassets in Resources */,
				04CA56CE23BF61C6003582B2 /* Main.storyboard in Resources */,
			);
			runOnlyForDeploymentPostprocessing = 0;
		};
/* End PBXResourcesBuildPhase section */

/* Begin PBXSourcesBuildPhase section */
		04CA56C123BF61C6003582B2 /* Sources */ = {
			isa = PBXSourcesBuildPhase;
			buildActionMask = 2147483647;
			files = (
				04CA56CB23BF61C6003582B2 /* TableViewController.swift in Sources */,
				04CA56C923BF61C6003582B2 /* AppDelegate.swift in Sources */,
				04CA56DB23C3D878003582B2 /* Item.swift in Sources */,
			);
			runOnlyForDeploymentPostprocessing = 0;
		};
/* End PBXSourcesBuildPhase section */

/* Begin PBXVariantGroup section */
		04CA56CC23BF61C6003582B2 /* Main.storyboard */ = {
			isa = PBXVariantGroup;
			children = (
				04CA56CD23BF61C6003582B2 /* Base */,
			);
			name = Main.storyboard;
			sourceTree = "<group>";
		};
		04CA56D123BF61C7003582B2 /* LaunchScreen.storyboard */ = {
			isa = PBXVariantGroup;
			children = (
				04CA56D223BF61C7003582B2 /* Base */,
			);
			name = LaunchScreen.storyboard;
			sourceTree = "<group>";
		};
/* End PBXVariantGroup section */

/* Begin XCBuildConfiguration section */
		04CA56D523BF61C7003582B2 /* Debug */ = {
			isa = XCBuildConfiguration;
			buildSettings = {
				ALWAYS_SEARCH_USER_PATHS = NO;
				CLANG_ANALYZER_NONNULL = YES;
				CLANG_ANALYZER_NUMBER_OBJECT_CONVERSION = YES_AGGRESSIVE;
				CLANG_CXX_LANGUAGE_STANDARD = "gnu++14";
				CLANG_CXX_LIBRARY = "libc++";
				CLANG_ENABLE_MODULES = YES;
				CLANG_ENABLE_OBJC_ARC = YES;
				CLANG_ENABLE_OBJC_WEAK = YES;
				CLANG_WARN_BLOCK_CAPTURE_AUTORELEASING = YES;
				CLANG_WARN_BOOL_CONVERSION = YES;
				CLANG_WARN_COMMA = YES;
				CLANG_WARN_CONSTANT_CONVERSION = YES;
				CLANG_WARN_DEPRECATED_OBJC_IMPLEMENTATIONS = YES;
				CLANG_WARN_DIRECT_OBJC_ISA_USAGE = YES_ERROR;
				CLANG_WARN_DOCUMENTATION_COMMENTS = YES;
				CLANG_WARN_EMPTY_BODY = YES;
				CLANG_WARN_ENUM_CONVERSION = YES;
				CLANG_WARN_INFINITE_RECURSION = YES;
				CLANG_WARN_INT_CONVERSION = YES;
				CLANG_WARN_NON_LITERAL_NULL_CONVERSION = YES;
				CLANG_WARN_OBJC_IMPLICIT_RETAIN_SELF = YES;
				CLANG_WARN_OBJC_LITERAL_CONVERSION = YES;
				CLANG_WARN_OBJC_ROOT_CLASS = YES_ERROR;
				CLANG_WARN_RANGE_LOOP_ANALYSIS = YES;
				CLANG_WARN_STRICT_PROTOTYPES = YES;
				CLANG_WARN_SUSPICIOUS_MOVE = YES;
				CLANG_WARN_UNGUARDED_AVAILABILITY = YES_AGGRESSIVE;
				CLANG_WARN_UNREACHABLE_CODE = YES;
				CLANG_WARN__DUPLICATE_METHOD_MATCH = YES;
				CODE_SIGN_IDENTITY = "iPhone Developer";
				COPY_PHASE_STRIP = NO;
				DEBUG_INFORMATION_FORMAT = dwarf;
				ENABLE_STRICT_OBJC_MSGSEND = YES;
				ENABLE_TESTABILITY = YES;
				GCC_C_LANGUAGE_STANDARD = gnu11;
				GCC_DYNAMIC_NO_PIC = NO;
				GCC_NO_COMMON_BLOCKS = YES;
				GCC_OPTIMIZATION_LEVEL = 0;
				GCC_PREPROCESSOR_DEFINITIONS = (
					"DEBUG=1",
					"$(inherited)",
				);
				GCC_WARN_64_TO_32_BIT_CONVERSION = YES;
				GCC_WARN_ABOUT_RETURN_TYPE = YES_ERROR;
				GCC_WARN_UNDECLARED_SELECTOR = YES;
				GCC_WARN_UNINITIALIZED_AUTOS = YES_AGGRESSIVE;
				GCC_WARN_UNUSED_FUNCTION = YES;
				GCC_WARN_UNUSED_VARIABLE = YES;
				IPHONEOS_DEPLOYMENT_TARGET = 12.4;
				MTL_ENABLE_DEBUG_INFO = INCLUDE_SOURCE;
				MTL_FAST_MATH = YES;
				ONLY_ACTIVE_ARCH = YES;
				SDKROOT = iphoneos;
				SWIFT_ACTIVE_COMPILATION_CONDITIONS = DEBUG;
				SWIFT_OPTIMIZATION_LEVEL = "-Onone";
			};
			name = Debug;
		};
		04CA56D623BF61C7003582B2 /* Release */ = {
			isa = XCBuildConfiguration;
			buildSettings = {
				ALWAYS_SEARCH_USER_PATHS = NO;
				CLANG_ANALYZER_NONNULL = YES;
				CLANG_ANALYZER_NUMBER_OBJECT_CONVERSION = YES_AGGRESSIVE;
				CLANG_CXX_LANGUAGE_STANDARD = "gnu++14";
				CLANG_CXX_LIBRARY = "libc++";
				CLANG_ENABLE_MODULES = YES;
				CLANG_ENABLE_OBJC_ARC = YES;
				CLANG_ENABLE_OBJC_WEAK = YES;
				CLANG_WARN_BLOCK_CAPTURE_AUTORELEASING = YES;
				CLANG_WARN_BOOL_CONVERSION = YES;
				CLANG_WARN_COMMA = YES;
				CLANG_WARN_CONSTANT_CONVERSION = YES;
				CLANG_WARN_DEPRECATED_OBJC_IMPLEMENTATIONS = YES;
				CLANG_WARN_DIRECT_OBJC_ISA_USAGE = YES_ERROR;
				CLANG_WARN_DOCUMENTATION_COMMENTS = YES;
				CLANG_WARN_EMPTY_BODY = YES;
				CLANG_WARN_ENUM_CONVERSION = YES;
				CLANG_WARN_INFINITE_RECURSION = YES;
				CLANG_WARN_INT_CONVERSION = YES;
				CLANG_WARN_NON_LITERAL_NULL_CONVERSION = YES;
				CLANG_WARN_OBJC_IMPLICIT_RETAIN_SELF = YES;
				CLANG_WARN_OBJC_LITERAL_CONVERSION = YES;
				CLANG_WARN_OBJC_ROOT_CLASS = YES_ERROR;
				CLANG_WARN_RANGE_LOOP_ANALYSIS = YES;
				CLANG_WARN_STRICT_PROTOTYPES = YES;
				CLANG_WARN_SUSPICIOUS_MOVE = YES;
				CLANG_WARN_UNGUARDED_AVAILABILITY = YES_AGGRESSIVE;
				CLANG_WARN_UNREACHABLE_CODE = YES;
				CLANG_WARN__DUPLICATE_METHOD_MATCH = YES;
				CODE_SIGN_IDENTITY = "iPhone Developer";
				COPY_PHASE_STRIP = NO;
				DEBUG_INFORMATION_FORMAT = "dwarf-with-dsym";
				ENABLE_NS_ASSERTIONS = NO;
				ENABLE_STRICT_OBJC_MSGSEND = YES;
				GCC_C_LANGUAGE_STANDARD = gnu11;
				GCC_NO_COMMON_BLOCKS = YES;
				GCC_WARN_64_TO_32_BIT_CONVERSION = YES;
				GCC_WARN_ABOUT_RETURN_TYPE = YES_ERROR;
				GCC_WARN_UNDECLARED_SELECTOR = YES;
				GCC_WARN_UNINITIALIZED_AUTOS = YES_AGGRESSIVE;
				GCC_WARN_UNUSED_FUNCTION = YES;
				GCC_WARN_UNUSED_VARIABLE = YES;
				IPHONEOS_DEPLOYMENT_TARGET = 12.4;
				MTL_ENABLE_DEBUG_INFO = NO;
				MTL_FAST_MATH = YES;
				SDKROOT = iphoneos;
				SWIFT_COMPILATION_MODE = wholemodule;
				SWIFT_OPTIMIZATION_LEVEL = "-O";
				VALIDATE_PRODUCT = YES;
			};
			name = Release;
		};
		04CA56D823BF61C7003582B2 /* Debug */ = {
			isa = XCBuildConfiguration;
			buildSettings = {
				ASSETCATALOG_COMPILER_APPICON_NAME = AppIcon;
				CODE_SIGN_STYLE = Automatic;
				DEVELOPMENT_TEAM = TR77SVRP3T;
				INFOPLIST_FILE = ToDoL/Info.plist;
				LD_RUNPATH_SEARCH_PATHS = (
					"$(inherited)",
					"@executable_path/Frameworks",
				);
				PRODUCT_BUNDLE_IDENTIFIER = com.lynedev.ToDoL;
				PRODUCT_NAME = "$(TARGET_NAME)";
				SWIFT_VERSION = 5.0;
				TARGETED_DEVICE_FAMILY = "1,2";
			};
			name = Debug;
		};
		04CA56D923BF61C7003582B2 /* Release */ = {
			isa = XCBuildConfiguration;
			buildSettings = {
				ASSETCATALOG_COMPILER_APPICON_NAME = AppIcon;
				CODE_SIGN_STYLE = Automatic;
				DEVELOPMENT_TEAM = TR77SVRP3T;
				INFOPLIST_FILE = ToDoL/Info.plist;
				LD_RUNPATH_SEARCH_PATHS = (
					"$(inherited)",
					"@executable_path/Frameworks",
				);
				PRODUCT_BUNDLE_IDENTIFIER = com.lynedev.ToDoL;
				PRODUCT_NAME = "$(TARGET_NAME)";
				SWIFT_VERSION = 5.0;
				TARGETED_DEVICE_FAMILY = "1,2";
			};
			name = Release;
		};
/* End XCBuildConfiguration section */

/* Begin XCConfigurationList section */
		04CA56C023BF61C6003582B2 /* Build configuration list for PBXProject "ToDoL" */ = {
			isa = XCConfigurationList;
			buildConfigurations = (
				04CA56D523BF61C7003582B2 /* Debug */,
				04CA56D623BF61C7003582B2 /* Release */,
			);
			defaultConfigurationIsVisible = 0;
			defaultConfigurationName = Release;
		};
		04CA56D723BF61C7003582B2 /* Build configuration list for PBXNativeTarget "ToDoL" */ = {
			isa = XCConfigurationList;
			buildConfigurations = (
				04CA56D823BF61C7003582B2 /* Debug */,
				04CA56D923BF61C7003582B2 /* Release */,
			);
			defaultConfigurationIsVisible = 0;
			defaultConfigurationName = Release;
		};
/* End XCConfigurationList section */
	};
	rootObject = 04CA56BD23BF61C6003582B2 /* Project object */;
}
